
Microsoft Visual Studio Solution File, Format Version 12.00
# Visual Studio Version 17
VisualStudioVersion = 17.6.33815.320
MinimumVisualStudioVersion = 10.0.40219.1
Project("{FAE04EC0-301F-11D3-BF4B-00C04F79EFBC}") = "ObserverPatronVolverComida", "ObserverPatronVolverComida\ObserverPatronVolverComida.csproj", "{9FFFD475-4CDB-433D-A974-3839123A5318}"
EndProject
Global
	GlobalSection(SolutionConfigurationPlatforms) = preSolution
		Debug|Any CPU = Debug|Any CPU
		Release|Any CPU = Release|Any CPU
	EndGlobalSection
	GlobalSection(ProjectConfigurationPlatforms) = postSolution
		{9FFFD475-4CDB-433D-A974-3839123A5318}.Debug|Any CPU.ActiveCfg = Debug|Any CPU
		{9FFFD475-4CDB-433D-A974-3839123A5318}.Debug|Any CPU.Build.0 = Debug|Any CPU
		{9FFFD475-4CDB-433D-A974-3839123A5318}.Release|Any CPU.ActiveCfg = Release|Any CPU
		{9FFFD475-4CDB-433D-A974-3839123A5318}.Release|Any CPU.Build.0 = Release|Any CPU
	EndGlobalSection
	GlobalSection(SolutionProperties) = preSolution
		HideSolutionNode = FALSE
	EndGlobalSection
	GlobalSection(ExtensibilityGlobals) = postSolution
		SolutionGuid = {508133EC-F82C-43E0-87B5-28A427CAA656}
	EndGlobalSection
EndGlobal
