
Microsoft Visual Studio Solution File, Format Version 12.00
# Visual Studio Version 16
VisualStudioVersion = 16.0.33529.622
MinimumVisualStudioVersion = 10.0.40219.1
Project("{FAE04EC0-301F-11D3-BF4B-00C04F79EFBC}") = "InscripcionEstudiante", "InscripcionEstudiante\InscripcionEstudiante.csproj", "{7E9FBF80-D0F0-4DBA-8FD6-08A7610CE626}"
EndProject
Global
	GlobalSection(SolutionConfigurationPlatforms) = preSolution
		Debug|Any CPU = Debug|Any CPU
		Release|Any CPU = Release|Any CPU
	EndGlobalSection
	GlobalSection(ProjectConfigurationPlatforms) = postSolution
		{7E9FBF80-D0F0-4DBA-8FD6-08A7610CE626}.Debug|Any CPU.ActiveCfg = Debug|Any CPU
		{7E9FBF80-D0F0-4DBA-8FD6-08A7610CE626}.Debug|Any CPU.Build.0 = Debug|Any CPU
		{7E9FBF80-D0F0-4DBA-8FD6-08A7610CE626}.Release|Any CPU.ActiveCfg = Release|Any CPU
		{7E9FBF80-D0F0-4DBA-8FD6-08A7610CE626}.Release|Any CPU.Build.0 = Release|Any CPU
	EndGlobalSection
	GlobalSection(SolutionProperties) = preSolution
		HideSolutionNode = FALSE
	EndGlobalSection
	GlobalSection(ExtensibilityGlobals) = postSolution
		SolutionGuid = {3C6BB54C-5312-4612-8E41-71B1022F5A66}
	EndGlobalSection
EndGlobal
