
Microsoft Visual Studio Solution File, Format Version 12.00
# Visual Studio Version 17
VisualStudioVersion = 17.6.33815.320
MinimumVisualStudioVersion = 10.0.40219.1
Project("{FAE04EC0-301F-11D3-BF4B-00C04F79EFBC}") = "ConexionDatabasePrrueba", "ConexionDatabasePrrueba\ConexionDatabasePrrueba.csproj", "{ACF0E579-11E4-4AF7-B58C-90220AA9CB49}"
EndProject
Global
	GlobalSection(SolutionConfigurationPlatforms) = preSolution
		Debug|Any CPU = Debug|Any CPU
		Release|Any CPU = Release|Any CPU
	EndGlobalSection
	GlobalSection(ProjectConfigurationPlatforms) = postSolution
		{ACF0E579-11E4-4AF7-B58C-90220AA9CB49}.Debug|Any CPU.ActiveCfg = Debug|Any CPU
		{ACF0E579-11E4-4AF7-B58C-90220AA9CB49}.Debug|Any CPU.Build.0 = Debug|Any CPU
		{ACF0E579-11E4-4AF7-B58C-90220AA9CB49}.Release|Any CPU.ActiveCfg = Release|Any CPU
		{ACF0E579-11E4-4AF7-B58C-90220AA9CB49}.Release|Any CPU.Build.0 = Release|Any CPU
	EndGlobalSection
	GlobalSection(SolutionProperties) = preSolution
		HideSolutionNode = FALSE
	EndGlobalSection
	GlobalSection(ExtensibilityGlobals) = postSolution
		SolutionGuid = {3A1327A0-D585-4F97-BE1A-FD3483E0CE8D}
	EndGlobalSection
EndGlobal
